{
  "name": "miniprogram-bridge-test",
  "lockfileVersion": 3,
  "requires": true,
  "packages": {
    "": {
      "name": "miniprogram-bridge-test",
      "dependencies": {
        "inge-bridge": "file:../../miniprogram-bridge"
      }
    },
    "../../miniprogram-bridge": {
      "name": "inge-bridge",
      "version": "0.0.1",
      "license": "Apache-2.0",
      "dependencies": {
        "@tbmp/mp-cloud-sdk": "^1.5.9",
        "@ungap/url-search-params": "^0.2.2",
        "spark-md5": "^3.0.2"
      },
      "devDependencies": {
        "@eslint/js": "^9.9.0",
        "@rollup/plugin-commonjs": "^26.0.1",
        "@rollup/plugin-eslint": "^9.0.5",
        "@rollup/plugin-json": "^6.1.0",
        "@rollup/plugin-node-resolve": "^15.2.3",
        "@rollup/plugin-typescript": "^11.1.6",
        "@types/jest": "^29.5.12",
        "@types/spark-md5": "^3.0.4",
        "@types/ungap__url-search-params": "^0.1.2",
        "eslint": "^9.9.0",
        "globals": "^15.9.0",
        "jest": "^29.7.0",
        "rollup": "^4.21.0",
        "tslib": "^2.6.3",
        "typescript": "^5.5.4",
        "typescript-eslint": "^8.2.0"
      },
      "engines": {
        "node": ">= 18"
      }
    },
    "node_modules/inge-bridge": {
      "resolved": "../../miniprogram-bridge",
      "link": true
    }
  }
}
